{
  "requires": true,
  "lockfileVersion": 1,
  "dependencies": {
    "remixicon": {
      "version": "2.3.0",
      "resolved": "https://registry.npmjs.org/remixicon/-/remixicon-2.3.0.tgz",
      "integrity": "sha512-qm6B+EZBMV/2U1q0dF/qVChaj08HxRHZ3h2XUcpR9EsLhRS4Y4r+edP14CPvY/h0sgTE7Uo+XWJx1eIR5ejptA=="
    }
  }
}
